github.com/clong1995/go-encipher v0.0.0-20241028095759-6475dc322cab h1:ydm9KHKRUDFCVz8Ga1RZRZnxtBlrNF74wqZ+7LtNMn4=
github.com/clong1995/go-encipher v0.0.0-20241028095759-6475dc322cab/go.mod h1:J7sjI2arFCNRdxDg6aP7ps/D6+SupS9euFI24qNUsBM=
github.com/clong1995/go-encipher v0.0.0-20241216125944-19179576c81b h1:Od/ZWfVe0Q7+q08z4cGWLzQy+OsQiCw759qotuXOKrw=
github.com/clong1995/go-encipher v0.0.0-20241216125944-19179576c81b/go.mod h1:J7sjI2arFCNRdxDg6aP7ps/D6+SupS9euFI24qNUsBM=
github.com/clong1995/go-encipher v0.0.0-20241218020040-255476422b2d h1:5il/kZgGaAWgdppELeszE1HYfq6YHNlJGwDDf5ISvpg=
github.com/clong1995/go-encipher v0.0.0-20241218020040-255476422b2d/go.mod h1:3MPxLLrBs8YEUnpefM9A5dlro0IA4LNpluFOOiS1nLw=
