github.com/clong1995/go-ansi-color v0.0.0-20251016014428-61ea4bba5de6 h1:9ydMhhLaOaXbjcAd9TwftCFqewGOv3X1MewAbZTj5kw=
github.com/clong1995/go-ansi-color v0.0.0-20251016014428-61ea4bba5de6/go.mod h1:TCBnJ3qgGfwqbmMJuRH1hfaYzzzZabGMeSx19V8lYZg=
github.com/clong1995/go-ansi-color v0.0.0-20260308102058-435c4f2d7502 h1:yIzarpG8EdDMh3izbNkaclCp9cYODkGWZ18Q4vwkJF0=
github.com/clong1995/go-ansi-color v0.0.0-20260308102058-435c4f2d7502/go.mod h1:7ZGDhoNTkKxVwqejBrsexg1Sh1zKD402CAAg1f0gLRU=
github.com/clong1995/go-ansi-color v0.0.0-20260314102151-cbbdfbe952a8 h1:q6HnwjA0cAwaNAIorlj2ojUjgdxzriRPYSOKB0+XF2Q=
github.com/clong1995/go-ansi-color v0.0.0-20260314102151-cbbdfbe952a8/go.mod h1:7ZGDhoNTkKxVwqejBrsexg1Sh1zKD402CAAg1f0gLRU=
github.com/clong1995/go-config v0.0.0-20251020035946-879ecdb4c766 h1:avy3F12WxRYMl7SRy8UQrX/sxwIztfgOzRV+r/5HIPw=
github.com/clong1995/go-config v0.0.0-20251020035946-879ecdb4c766/go.mod h1:z5is5krC0JXYgIXQ2ZwEsETEL1Wrb/fYuT1YXTTmGB4=
github.com/clong1995/go-config v0.0.0-20251108135142-ae0453f3b68f h1:077OHs/cjNZwTOhr2sOuUmYfSg3SRdLEvHPvUeToYFQ=
github.com/clong1995/go-config v0.0.0-20251108135142-ae0453f3b68f/go.mod h1:z5is5krC0JXYgIXQ2ZwEsETEL1Wrb/fYuT1YXTTmGB4=
github.com/clong1995/go-config v0.0.0-20260308102304-f11bed3ed5f0 h1:QnNMiHyVuQNlGW8be5jL3KkJlKQKzKGlbVVjWaRHm5M=
github.com/clong1995/go-config v0.0.0-20260308102304-f11bed3ed5f0/go.mod h1:L4Z2kaetgdSQgkqJblsfLYhFtm4dDY8n39JY3LWObJI=
github.com/clong1995/go-config v0.0.0-20260315015120-b950f867acd6 h1:vQaXVy3ztBE1B7W8HnIhbOSlTAhj6x0bvtBjGjgVtyc=
github.com/clong1995/go-config v0.0.0-20260315015120-b950f867acd6/go.mod h1:ugF8THQGBMTUneeVe48NNEzi5zCZ3z8g6K/3LeMtO9c=
github.com/clong1995/go-encipher v0.0.0-20241218020040-255476422b2d h1:5il/kZgGaAWgdppELeszE1HYfq6YHNlJGwDDf5ISvpg=
github.com/clong1995/go-encipher v0.0.0-20241218020040-255476422b2d/go.mod h1:3MPxLLrBs8YEUnpefM9A5dlro0IA4LNpluFOOiS1nLw=
github.com/clong1995/go-encipher v0.0.0-20250321150739-ebd6f0d42ffb h1:ybFQcyIllydH+jmVlnZTguhLZnRikNXrGp2jqM9GBIM=
github.com/clong1995/go-encipher v0.0.0-20250321150739-ebd6f0d42ffb/go.mod h1:GUqy14j6tPellfqlirkc3+8FJMLPM1eCu/y6V5n6jmo=
github.com/clong1995/go-encipher v0.0.0-20250714045541-ede16e86a49d h1:jF8iECFTABcczm79T9umwI/gYGvJXCxY+2M7W140V8U=
github.com/clong1995/go-encipher v0.0.0-20250714045541-ede16e86a49d/go.mod h1:GUqy14j6tPellfqlirkc3+8FJMLPM1eCu/y6V5n6jmo=
github.com/clong1995/go-encipher v0.0.0-20251108150327-0dacce296f80 h1:fjbTa21re2LmUvW4SUiLfmCnAB7SptkK15Hz3Yu88Lg=
github.com/clong1995/go-encipher v0.0.0-20251108150327-0dacce296f80/go.mod h1:GUqy14j6tPellfqlirkc3+8FJMLPM1eCu/y6V5n6jmo=
github.com/clong1995/go-encipher v0.0.0-20251109071902-c92aaf34a50a h1:6W7/dymDG5FMqcD2nRNpy01KUm6CasmdHBZ5DYxfmQ0=
github.com/clong1995/go-encipher v0.0.0-20251109071902-c92aaf34a50a/go.mod h1:GUqy14j6tPellfqlirkc3+8FJMLPM1eCu/y6V5n6jmo=
github.com/clong1995/go-encipher v0.0.0-20260308102546-4c67fb33fcad h1:pVVZcdtHs27F3yEUjP4g3BNpmeHDl2ZjK7bFHXxILbA=
github.com/clong1995/go-encipher v0.0.0-20260308102546-4c67fb33fcad/go.mod h1:tKcdtteDRhzjNXe/6iKpx8Lt7g+a7KCLMh1I4bWr+3U=
github.com/clong1995/go-encipher v0.0.0-20260315015454-e8484a857e2e h1:ylqIrJOHEn6VpiAgfAW4SnlQHicvQe6qiE0w+6wJ7zQ=
github.com/clong1995/go-encipher v0.0.0-20260315015454-e8484a857e2e/go.mod h1:1TMBSjXSpknPKuJ3CPl+F5ayJvI3wG1nSnid1Co8xB0=
github.com/pkg/errors v0.9.1 h1:FEBLx1zS214owpjy7qsBeixbURkuhQAwrK5UwLGTwt4=
github.com/pkg/errors v0.9.1/go.mod h1:bwawxfHBFNV+L2hUp1rHADufV3IMtnDRdf1r5NINEl0=
